// !$*UTF8*$!
{
	archiveVersion = 1;
	classes = {
	};
	objectVersion = 46;
	objects = {

/* Begin PBXBuildFile section */
		2A4C38E31F87F0FB001D1EB6 /* ReportCard.m in Sources */ = {isa = PBXBuildFile; fileRef = 2A4C38E21F87F0FB001D1EB6 /* ReportCard.m */; };
		2A4C38EC1F87F187001D1EB6 /* ReportCard+AverageGrade.m in Sources */ = {isa = PBXBuildFile; fileRef = 2A4C38EB1F87F187001D1EB6 /* ReportCard+AverageGrade.m */; };
		2AAFA7C12114C44100EBE479 /* NSDate+NSDate_MyCategory.m in Sources */ = {isa = PBXBuildFile; fileRef = 2AAFA7C02114C44100EBE479 /* NSDate+NSDate_MyCategory.m */; };
		2AD2B5CD1F86D7B600DF8A1F /* main.m in Sources */ = {isa = PBXBuildFile; fileRef = 2AD2B5CC1F86D7B600DF8A1F /* main.m */; };
		2AD2B5D51F86DF4400DF8A1F /* Person.m in Sources */ = {isa = PBXBuildFile; fileRef = 2AD2B5D41F86DF4400DF8A1F /* Person.m */; };
		2AD2B5D81F86DF5100DF8A1F /* Animal.m in Sources */ = {isa = PBXBuildFile; fileRef = 2AD2B5D71F86DF5100DF8A1F /* Animal.m */; };
		2AD2B5DB1F86E16200DF8A1F /* Dog.m in Sources */ = {isa = PBXBuildFile; fileRef = 2AD2B5DA1F86E16200DF8A1F /* Dog.m */; };
		2AD2B5DE1F86E17800DF8A1F /* Student.m in Sources */ = {isa = PBXBuildFile; fileRef = 2AD2B5DD1F86E17800DF8A1F /* Student.m */; };
		2AD2B5E41F86FDB200DF8A1F /* Animal+Animal_Senses.m in Sources */ = {isa = PBXBuildFile; fileRef = 2AD2B5E31F86FDB200DF8A1F /* Animal+Animal_Senses.m */; };
/* End PBXBuildFile section */

/* Begin PBXCopyFilesBuildPhase section */
		2AD2B5C71F86D7B600DF8A1F /* CopyFiles */ = {
			isa = PBXCopyFilesBuildPhase;
			buildActionMask = 2147483647;
			dstPath = /usr/share/man/man1/;
			dstSubfolderSpec = 0;
			files = (
			);
			runOnlyForDeploymentPostprocessing = 1;
		};
/* End PBXCopyFilesBuildPhase section */

/* Begin PBXFileReference section */
		2A4C38E11F87F0FB001D1EB6 /* ReportCard.h */ = {isa = PBXFileReference; fileEncoding = 4; lastKnownFileType = sourcecode.c.h; path = ReportCard.h; sourceTree = "<group>"; };
		2A4C38E21F87F0FB001D1EB6 /* ReportCard.m */ = {isa = PBXFileReference; fileEncoding = 4; lastKnownFileType = sourcecode.c.objc; path = ReportCard.m; sourceTree = "<group>"; };
		2A4C38EA1F87F187001D1EB6 /* ReportCard+AverageGrade.h */ = {isa = PBXFileReference; fileEncoding = 4; lastKnownFileType = sourcecode.c.h; path = "ReportCard+AverageGrade.h"; sourceTree = "<group>"; };
		2A4C38EB1F87F187001D1EB6 /* ReportCard+AverageGrade.m */ = {isa = PBXFileReference; fileEncoding = 4; lastKnownFileType = sourcecode.c.objc; path = "ReportCard+AverageGrade.m"; sourceTree = "<group>"; };
		2AAFA7BE2114BED200EBE479 /* EatProtocol.h */ = {isa = PBXFileReference; lastKnownFileType = sourcecode.c.h; path = EatProtocol.h; sourceTree = "<group>"; };
		2AAFA7BF2114C44100EBE479 /* NSDate+NSDate_MyCategory.h */ = {isa = PBXFileReference; lastKnownFileType = sourcecode.c.h; path = "NSDate+NSDate_MyCategory.h"; sourceTree = "<group>"; };
		2AAFA7C02114C44100EBE479 /* NSDate+NSDate_MyCategory.m */ = {isa = PBXFileReference; lastKnownFileType = sourcecode.c.objc; path = "NSDate+NSDate_MyCategory.m"; sourceTree = "<group>"; };
		2AD2B5C91F86D7B600DF8A1F /* w1d5-demo-2 */ = {isa = PBXFileReference; explicitFileType = "compiled.mach-o.executable"; includeInIndex = 0; path = "w1d5-demo-2"; sourceTree = BUILT_PRODUCTS_DIR; };
		2AD2B5CC1F86D7B600DF8A1F /* main.m */ = {isa = PBXFileReference; lastKnownFileType = sourcecode.c.objc; path = main.m; sourceTree = "<group>"; };
		2AD2B5D31F86DF4400DF8A1F /* Person.h */ = {isa = PBXFileReference; fileEncoding = 4; lastKnownFileType = sourcecode.c.h; path = Person.h; sourceTree = "<group>"; };
		2AD2B5D41F86DF4400DF8A1F /* Person.m */ = {isa = PBXFileReference; fileEncoding = 4; lastKnownFileType = sourcecode.c.objc; path = Person.m; sourceTree = "<group>"; };
		2AD2B5D61F86DF5100DF8A1F /* Animal.h */ = {isa = PBXFileReference; fileEncoding = 4; lastKnownFileType = sourcecode.c.h; path = Animal.h; sourceTree = "<group>"; };
		2AD2B5D71F86DF5100DF8A1F /* Animal.m */ = {isa = PBXFileReference; fileEncoding = 4; lastKnownFileType = sourcecode.c.objc; path = Animal.m; sourceTree = "<group>"; };
		2AD2B5D91F86E16200DF8A1F /* Dog.h */ = {isa = PBXFileReference; fileEncoding = 4; lastKnownFileType = sourcecode.c.h; path = Dog.h; sourceTree = "<group>"; };
		2AD2B5DA1F86E16200DF8A1F /* Dog.m */ = {isa = PBXFileReference; fileEncoding = 4; lastKnownFileType = sourcecode.c.objc; path = Dog.m; sourceTree = "<group>"; };
		2AD2B5DC1F86E17800DF8A1F /* Student.h */ = {isa = PBXFileReference; fileEncoding = 4; lastKnownFileType = sourcecode.c.h; path = Student.h; sourceTree = "<group>"; };
		2AD2B5DD1F86E17800DF8A1F /* Student.m */ = {isa = PBXFileReference; fileEncoding = 4; lastKnownFileType = sourcecode.c.objc; path = Student.m; sourceTree = "<group>"; };
		2AD2B5E21F86FDB200DF8A1F /* Animal+Animal_Senses.h */ = {isa = PBXFileReference; fileEncoding = 4; lastKnownFileType = sourcecode.c.h; path = "Animal+Animal_Senses.h"; sourceTree = "<group>"; };
		2AD2B5E31F86FDB200DF8A1F /* Animal+Animal_Senses.m */ = {isa = PBXFileReference; fileEncoding = 4; lastKnownFileType = sourcecode.c.objc; path = "Animal+Animal_Senses.m"; sourceTree = "<group>"; };
/* End PBXFileReference section */

/* Begin PBXFrameworksBuildPhase section */
		2AD2B5C61F86D7B600DF8A1F /* Frameworks */ = {
			isa = PBXFrameworksBuildPhase;
			buildActionMask = 2147483647;
			files = (
			);
			runOnlyForDeploymentPostprocessing = 0;
		};
/* End PBXFrameworksBuildPhase section */

/* Begin PBXGroup section */
		2AD2B5C01F86D7B600DF8A1F = {
			isa = PBXGroup;
			children = (
				2AD2B5CB1F86D7B600DF8A1F /* w1d5-demo */,
				2AD2B5CA1F86D7B600DF8A1F /* Products */,
			);
			sourceTree = "<group>";
		};
		2AD2B5CA1F86D7B600DF8A1F /* Products */ = {
			isa = PBXGroup;
			children = (
				2AD2B5C91F86D7B600DF8A1F /* w1d5-demo-2 */,
			);
			name = Products;
			sourceTree = "<group>";
		};
		2AD2B5CB1F86D7B600DF8A1F /* w1d5-demo */ = {
			isa = PBXGroup;
			children = (
				2AD2B5CC1F86D7B600DF8A1F /* main.m */,
				2AAFA7BE2114BED200EBE479 /* EatProtocol.h */,
				2AAFA7BF2114C44100EBE479 /* NSDate+NSDate_MyCategory.h */,
				2AAFA7C02114C44100EBE479 /* NSDate+NSDate_MyCategory.m */,
				2AD2B5D31F86DF4400DF8A1F /* Person.h */,
				2AD2B5D41F86DF4400DF8A1F /* Person.m */,
				2AD2B5D61F86DF5100DF8A1F /* Animal.h */,
				2AD2B5D71F86DF5100DF8A1F /* Animal.m */,
				2AD2B5D91F86E16200DF8A1F /* Dog.h */,
				2AD2B5DA1F86E16200DF8A1F /* Dog.m */,
				2AD2B5DC1F86E17800DF8A1F /* Student.h */,
				2AD2B5DD1F86E17800DF8A1F /* Student.m */,
				2AD2B5E21F86FDB200DF8A1F /* Animal+Animal_Senses.h */,
				2AD2B5E31F86FDB200DF8A1F /* Animal+Animal_Senses.m */,
				2A4C38E11F87F0FB001D1EB6 /* ReportCard.h */,
				2A4C38E21F87F0FB001D1EB6 /* ReportCard.m */,
				2A4C38EA1F87F187001D1EB6 /* ReportCard+AverageGrade.h */,
				2A4C38EB1F87F187001D1EB6 /* ReportCard+AverageGrade.m */,
			);
			path = "w1d5-demo";
			sourceTree = "<group>";
		};
/* End PBXGroup section */

/* Begin PBXNativeTarget section */
		2AD2B5C81F86D7B600DF8A1F /* w1d5-demo-2 */ = {
			isa = PBXNativeTarget;
			buildConfigurationList = 2AD2B5D01F86D7B600DF8A1F /* Build configuration list for PBXNativeTarget "w1d5-demo-2" */;
			buildPhases = (
				2AD2B5C51F86D7B600DF8A1F /* Sources */,
				2AD2B5C61F86D7B600DF8A1F /* Frameworks */,
				2AD2B5C71F86D7B600DF8A1F /* CopyFiles */,
			);
			buildRules = (
			);
			dependencies = (
			);
			name = "w1d5-demo-2";
			productName = "w1d5-demo";
			productReference = 2AD2B5C91F86D7B600DF8A1F /* w1d5-demo-2 */;
			productType = "com.apple.product-type.tool";
		};
/* End PBXNativeTarget section */

/* Begin PBXProject section */
		2AD2B5C11F86D7B600DF8A1F /* Project object */ = {
			isa = PBXProject;
			attributes = {
				LastUpgradeCheck = 0940;
				ORGANIZATIONNAME = Roland;
				TargetAttributes = {
					2AD2B5C81F86D7B600DF8A1F = {
						CreatedOnToolsVersion = 8.3.3;
						DevelopmentTeam = Q9N5PH89AB;
						ProvisioningStyle = Automatic;
					};
				};
			};
			buildConfigurationList = 2AD2B5C41F86D7B600DF8A1F /* Build configuration list for PBXProject "w1d5-demo-2" */;
			compatibilityVersion = "Xcode 3.2";
			developmentRegion = English;
			hasScannedForEncodings = 0;
			knownRegions = (
				en,
			);
			mainGroup = 2AD2B5C01F86D7B600DF8A1F;
			productRefGroup = 2AD2B5CA1F86D7B600DF8A1F /* Products */;
			projectDirPath = "";
			projectRoot = "";
			targets = (
				2AD2B5C81F86D7B600DF8A1F /* w1d5-demo-2 */,
			);
		};
/* End PBXProject section */

/* Begin PBXSourcesBuildPhase section */
		2AD2B5C51F86D7B600DF8A1F /* Sources */ = {
			isa = PBXSourcesBuildPhase;
			buildActionMask = 2147483647;
			files = (
				2AD2B5D81F86DF5100DF8A1F /* Animal.m in Sources */,
				2AAFA7C12114C44100EBE479 /* NSDate+NSDate_MyCategory.m in Sources */,
				2AD2B5D51F86DF4400DF8A1F /* Person.m in Sources */,
				2A4C38E31F87F0FB001D1EB6 /* ReportCard.m in Sources */,
				2A4C38EC1F87F187001D1EB6 /* ReportCard+AverageGrade.m in Sources */,
				2AD2B5DE1F86E17800DF8A1F /* Student.m in Sources */,
				2AD2B5DB1F86E16200DF8A1F /* Dog.m in Sources */,
				2AD2B5E41F86FDB200DF8A1F /* Animal+Animal_Senses.m in Sources */,
				2AD2B5CD1F86D7B600DF8A1F /* main.m in Sources */,
			);
			runOnlyForDeploymentPostprocessing = 0;
		};
/* End PBXSourcesBuildPhase section */

/* Begin XCBuildConfiguration section */
		2AD2B5CE1F86D7B600DF8A1F /* Debug */ = {
			isa = XCBuildConfiguration;
			buildSettings = {
				ALWAYS_SEARCH_USER_PATHS = NO;
				CLANG_ANALYZER_NONNULL = YES;
				CLANG_ANALYZER_NUMBER_OBJECT_CONVERSION = YES_AGGRESSIVE;
				CLANG_CXX_LANGUAGE_STANDARD = "gnu++0x";
				CLANG_CXX_LIBRARY = "libc++";
				CLANG_ENABLE_MODULES = YES;
				CLANG_ENABLE_OBJC_ARC = YES;
				CLANG_WARN_BLOCK_CAPTURE_AUTORELEASING = YES;
				CLANG_WARN_BOOL_CONVERSION = YES;
				CLANG_WARN_COMMA = YES;
				CLANG_WARN_CONSTANT_CONVERSION = YES;
				CLANG_WARN_DEPRECATED_OBJC_IMPLEMENTATIONS = YES;
				CLANG_WARN_DIRECT_OBJC_ISA_USAGE = YES_ERROR;
				CLANG_WARN_DOCUMENTATION_COMMENTS = YES;
				CLANG_WARN_EMPTY_BODY = YES;
				CLANG_WARN_ENUM_CONVERSION = YES;
				CLANG_WARN_INFINITE_RECURSION = YES;
				CLANG_WARN_INT_CONVERSION = YES;
				CLANG_WARN_NON_LITERAL_NULL_CONVERSION = YES;
				CLANG_WARN_OBJC_IMPLICIT_RETAIN_SELF = YES;
				CLANG_WARN_OBJC_LITERAL_CONVERSION = YES;
				CLANG_WARN_OBJC_ROOT_CLASS = YES_ERROR;
				CLANG_WARN_RANGE_LOOP_ANALYSIS = YES;
				CLANG_WARN_STRICT_PROTOTYPES = YES;
				CLANG_WARN_SUSPICIOUS_MOVE = YES;
				CLANG_WARN_UNREACHABLE_CODE = YES;
				CLANG_WARN__DUPLICATE_METHOD_MATCH = YES;
				CODE_SIGN_IDENTITY = "-";
				COPY_PHASE_STRIP = NO;
				DEBUG_INFORMATION_FORMAT = dwarf;
				ENABLE_STRICT_OBJC_MSGSEND = YES;
				ENABLE_TESTABILITY = YES;
				GCC_C_LANGUAGE_STANDARD = gnu99;
				GCC_DYNAMIC_NO_PIC = NO;
				GCC_NO_COMMON_BLOCKS = YES;
				GCC_OPTIMIZATION_LEVEL = 0;
				GCC_PREPROCESSOR_DEFINITIONS = (
					"DEBUG=1",
					"$(inherited)",
				);
				GCC_WARN_64_TO_32_BIT_CONVERSION = YES;
				GCC_WARN_ABOUT_RETURN_TYPE = YES_ERROR;
				GCC_WARN_UNDECLARED_SELECTOR = YES;
				GCC_WARN_UNINITIALIZED_AUTOS = YES_AGGRESSIVE;
				GCC_WARN_UNUSED_FUNCTION = YES;
				GCC_WARN_UNUSED_VARIABLE = YES;
				MACOSX_DEPLOYMENT_TARGET = 10.12;
				MTL_ENABLE_DEBUG_INFO = YES;
				ONLY_ACTIVE_ARCH = YES;
				SDKROOT = macosx;
			};
			name = Debug;
		};
		2AD2B5CF1F86D7B600DF8A1F /* Release */ = {
			isa = XCBuildConfiguration;
			buildSettings = {
				ALWAYS_SEARCH_USER_PATHS = NO;
				CLANG_ANALYZER_NONNULL = YES;
				CLANG_ANALYZER_NUMBER_OBJECT_CONVERSION = YES_AGGRESSIVE;
				CLANG_CXX_LANGUAGE_STANDARD = "gnu++0x";
				CLANG_CXX_LIBRARY = "libc++";
				CLANG_ENABLE_MODULES = YES;
				CLANG_ENABLE_OBJC_ARC = YES;
				CLANG_WARN_BLOCK_CAPTURE_AUTORELEASING = YES;
				CLANG_WARN_BOOL_CONVERSION = YES;
				CLANG_WARN_COMMA = YES;
				CLANG_WARN_CONSTANT_CONVERSION = YES;
				CLANG_WARN_DEPRECATED_OBJC_IMPLEMENTATIONS = YES;
				CLANG_WARN_DIRECT_OBJC_ISA_USAGE = YES_ERROR;
				CLANG_WARN_DOCUMENTATION_COMMENTS = YES;
				CLANG_WARN_EMPTY_BODY = YES;
				CLANG_WARN_ENUM_CONVERSION = YES;
				CLANG_WARN_INFINITE_RECURSION = YES;
				CLANG_WARN_INT_CONVERSION = YES;
				CLANG_WARN_NON_LITERAL_NULL_CONVERSION = YES;
				CLANG_WARN_OBJC_IMPLICIT_RETAIN_SELF = YES;
				CLANG_WARN_OBJC_LITERAL_CONVERSION = YES;
				CLANG_WARN_OBJC_ROOT_CLASS = YES_ERROR;
				CLANG_WARN_RANGE_LOOP_ANALYSIS = YES;
				CLANG_WARN_STRICT_PROTOTYPES = YES;
				CLANG_WARN_SUSPICIOUS_MOVE = YES;
				CLANG_WARN_UNREACHABLE_CODE = YES;
				CLANG_WARN__DUPLICATE_METHOD_MATCH = YES;
				CODE_SIGN_IDENTITY = "-";
				COPY_PHASE_STRIP = NO;
				DEBUG_INFORMATION_FORMAT = "dwarf-with-dsym";
				ENABLE_NS_ASSERTIONS = NO;
				ENABLE_STRICT_OBJC_MSGSEND = YES;
				GCC_C_LANGUAGE_STANDARD = gnu99;
				GCC_NO_COMMON_BLOCKS = YES;
				GCC_WARN_64_TO_32_BIT_CONVERSION = YES;
				GCC_WARN_ABOUT_RETURN_TYPE = YES_ERROR;
				GCC_WARN_UNDECLARED_SELECTOR = YES;
				GCC_WARN_UNINITIALIZED_AUTOS = YES_AGGRESSIVE;
				GCC_WARN_UNUSED_FUNCTION = YES;
				GCC_WARN_UNUSED_VARIABLE = YES;
				MACOSX_DEPLOYMENT_TARGET = 10.12;
				MTL_ENABLE_DEBUG_INFO = NO;
				SDKROOT = macosx;
			};
			name = Release;
		};
		2AD2B5D11F86D7B600DF8A1F /* Debug */ = {
			isa = XCBuildConfiguration;
			buildSettings = {
				DEVELOPMENT_TEAM = Q9N5PH89AB;
				PRODUCT_NAME = "$(TARGET_NAME)";
			};
			name = Debug;
		};
		2AD2B5D21F86D7B600DF8A1F /* Release */ = {
			isa = XCBuildConfiguration;
			buildSettings = {
				DEVELOPMENT_TEAM = Q9N5PH89AB;
				PRODUCT_NAME = "$(TARGET_NAME)";
			};
			name = Release;
		};
/* End XCBuildConfiguration section */

/* Begin XCConfigurationList section */
		2AD2B5C41F86D7B600DF8A1F /* Build configuration list for PBXProject "w1d5-demo-2" */ = {
			isa = XCConfigurationList;
			buildConfigurations = (
				2AD2B5CE1F86D7B600DF8A1F /* Debug */,
				2AD2B5CF1F86D7B600DF8A1F /* Release */,
			);
			defaultConfigurationIsVisible = 0;
			defaultConfigurationName = Release;
		};
		2AD2B5D01F86D7B600DF8A1F /* Build configuration list for PBXNativeTarget "w1d5-demo-2" */ = {
			isa = XCConfigurationList;
			buildConfigurations = (
				2AD2B5D11F86D7B600DF8A1F /* Debug */,
				2AD2B5D21F86D7B600DF8A1F /* Release */,
			);
			defaultConfigurationIsVisible = 0;
			defaultConfigurationName = Release;
		};
/* End XCConfigurationList section */
	};
	rootObject = 2AD2B5C11F86D7B600DF8A1F /* Project object */;
}
